
Microsoft Visual Studio Solution File, Format Version 12.00
# Visual Studio Version 17
VisualStudioVersion = 17.3.32804.467
MinimumVisualStudioVersion = 10.0.40219.1
Project("{FAE04EC0-301F-11D3-BF4B-00C04F79EFBC}") = "SwitchOperator", "SwitchOperator\SwitchOperator.csproj", "{BBD97AD1-D71C-4846-9BF6-61C848FB073C}"
EndProject
Project("{FAE04EC0-301F-11D3-BF4B-00C04F79EFBC}") = "NumbersAverage", "NumbersAverage\NumbersAverage.csproj", "{A3EE6E9B-AEDD-44F9-A95A-02104DA83C9B}"
EndProject
Project("{FAE04EC0-301F-11D3-BF4B-00C04F79EFBC}") = "Fibonacci", "Fibonacci\Fibonacci.csproj", "{65C50CD7-E9D7-4EFC-82A6-7055CEEADAF7}"
EndProject
Project("{FAE04EC0-301F-11D3-BF4B-00C04F79EFBC}") = "RowSum", "RowSum\RowSum.csproj", "{A2BC790B-CEBD-4259-A081-05768502EF32}"
EndProject
Project("{FAE04EC0-301F-11D3-BF4B-00C04F79EFBC}") = "NumberDigits", "NumberDigits\NumberDigits.csproj", "{481CC09D-899E-4792-99D8-050A31FD3F7D}"
EndProject
Project("{FAE04EC0-301F-11D3-BF4B-00C04F79EFBC}") = "NumbersInString", "DigitsInStirng\NumbersInString.csproj", "{D3A6BC3F-2C17-4B36-A18D-64909C0ACE1A}"
EndProject
Global
	GlobalSection(SolutionConfigurationPlatforms) = preSolution
		Debug|Any CPU = Debug|Any CPU
		Release|Any CPU = Release|Any CPU
	EndGlobalSection
	GlobalSection(ProjectConfigurationPlatforms) = postSolution
		{BBD97AD1-D71C-4846-9BF6-61C848FB073C}.Debug|Any CPU.ActiveCfg = Debug|Any CPU
		{BBD97AD1-D71C-4846-9BF6-61C848FB073C}.Debug|Any CPU.Build.0 = Debug|Any CPU
		{BBD97AD1-D71C-4846-9BF6-61C848FB073C}.Release|Any CPU.ActiveCfg = Release|Any CPU
		{BBD97AD1-D71C-4846-9BF6-61C848FB073C}.Release|Any CPU.Build.0 = Release|Any CPU
		{A3EE6E9B-AEDD-44F9-A95A-02104DA83C9B}.Debug|Any CPU.ActiveCfg = Debug|Any CPU
		{A3EE6E9B-AEDD-44F9-A95A-02104DA83C9B}.Debug|Any CPU.Build.0 = Debug|Any CPU
		{A3EE6E9B-AEDD-44F9-A95A-02104DA83C9B}.Release|Any CPU.ActiveCfg = Release|Any CPU
		{A3EE6E9B-AEDD-44F9-A95A-02104DA83C9B}.Release|Any CPU.Build.0 = Release|Any CPU
		{65C50CD7-E9D7-4EFC-82A6-7055CEEADAF7}.Debug|Any CPU.ActiveCfg = Debug|Any CPU
		{65C50CD7-E9D7-4EFC-82A6-7055CEEADAF7}.Debug|Any CPU.Build.0 = Debug|Any CPU
		{65C50CD7-E9D7-4EFC-82A6-7055CEEADAF7}.Release|Any CPU.ActiveCfg = Release|Any CPU
		{65C50CD7-E9D7-4EFC-82A6-7055CEEADAF7}.Release|Any CPU.Build.0 = Release|Any CPU
		{A2BC790B-CEBD-4259-A081-05768502EF32}.Debug|Any CPU.ActiveCfg = Debug|Any CPU
		{A2BC790B-CEBD-4259-A081-05768502EF32}.Debug|Any CPU.Build.0 = Debug|Any CPU
		{A2BC790B-CEBD-4259-A081-05768502EF32}.Release|Any CPU.ActiveCfg = Release|Any CPU
		{A2BC790B-CEBD-4259-A081-05768502EF32}.Release|Any CPU.Build.0 = Release|Any CPU
		{481CC09D-899E-4792-99D8-050A31FD3F7D}.Debug|Any CPU.ActiveCfg = Debug|Any CPU
		{481CC09D-899E-4792-99D8-050A31FD3F7D}.Debug|Any CPU.Build.0 = Debug|Any CPU
		{481CC09D-899E-4792-99D8-050A31FD3F7D}.Release|Any CPU.ActiveCfg = Release|Any CPU
		{481CC09D-899E-4792-99D8-050A31FD3F7D}.Release|Any CPU.Build.0 = Release|Any CPU
		{D3A6BC3F-2C17-4B36-A18D-64909C0ACE1A}.Debug|Any CPU.ActiveCfg = Debug|Any CPU
		{D3A6BC3F-2C17-4B36-A18D-64909C0ACE1A}.Debug|Any CPU.Build.0 = Debug|Any CPU
		{D3A6BC3F-2C17-4B36-A18D-64909C0ACE1A}.Release|Any CPU.ActiveCfg = Release|Any CPU
		{D3A6BC3F-2C17-4B36-A18D-64909C0ACE1A}.Release|Any CPU.Build.0 = Release|Any CPU
	EndGlobalSection
	GlobalSection(SolutionProperties) = preSolution
		HideSolutionNode = FALSE
	EndGlobalSection
	GlobalSection(ExtensibilityGlobals) = postSolution
		SolutionGuid = {77CBFDB0-9DCA-47A4-93AE-7353B8F25FFD}
	EndGlobalSection
EndGlobal
