
Microsoft Visual Studio Solution File, Format Version 12.00
# Visual Studio Version 17
VisualStudioVersion = 17.3.32804.467
MinimumVisualStudioVersion = 10.0.40219.1
Project("{FAE04EC0-301F-11D3-BF4B-00C04F79EFBC}") = "StringsExample", "StringsExample.csproj", "{E9B736EB-A830-4003-BED8-ED56B8F8801C}"
EndProject
Project("{FAE04EC0-301F-11D3-BF4B-00C04F79EFBC}") = "ArithmeticOperations", "ArithmeticOperations\ArithmeticOperations.csproj", "{C9476B92-2119-4471-B4F7-4F1C8D471CBE}"
EndProject
Project("{FAE04EC0-301F-11D3-BF4B-00C04F79EFBC}") = "ExpressionEvaluation", "ExpressionEvaluation\ExpressionEvaluation.csproj", "{CA087613-D1DC-4D65-BEE5-EBE57EA6B268}"
EndProject
Project("{FAE04EC0-301F-11D3-BF4B-00C04F79EFBC}") = "CircleSquare", "CircleSquare\CircleSquare.csproj", "{B6FE6FAF-3107-4522-BDF1-42F0161FAA8A}"
EndProject
Project("{FAE04EC0-301F-11D3-BF4B-00C04F79EFBC}") = "Greetings", "Greetings\Greetings.csproj", "{77FD9C2E-4263-40CE-84F9-4403E6265C7B}"
EndProject
Project("{FAE04EC0-301F-11D3-BF4B-00C04F79EFBC}") = "Rectangle", "Rectangle\Rectangle.csproj", "{C13B11B5-A74A-4CA3-BFEE-95E8067399A9}"
EndProject
Global
	GlobalSection(SolutionConfigurationPlatforms) = preSolution
		Debug|Any CPU = Debug|Any CPU
		Release|Any CPU = Release|Any CPU
	EndGlobalSection
	GlobalSection(ProjectConfigurationPlatforms) = postSolution
		{E9B736EB-A830-4003-BED8-ED56B8F8801C}.Debug|Any CPU.ActiveCfg = Debug|Any CPU
		{E9B736EB-A830-4003-BED8-ED56B8F8801C}.Debug|Any CPU.Build.0 = Debug|Any CPU
		{E9B736EB-A830-4003-BED8-ED56B8F8801C}.Release|Any CPU.ActiveCfg = Release|Any CPU
		{E9B736EB-A830-4003-BED8-ED56B8F8801C}.Release|Any CPU.Build.0 = Release|Any CPU
		{C9476B92-2119-4471-B4F7-4F1C8D471CBE}.Debug|Any CPU.ActiveCfg = Debug|Any CPU
		{C9476B92-2119-4471-B4F7-4F1C8D471CBE}.Debug|Any CPU.Build.0 = Debug|Any CPU
		{C9476B92-2119-4471-B4F7-4F1C8D471CBE}.Release|Any CPU.ActiveCfg = Release|Any CPU
		{C9476B92-2119-4471-B4F7-4F1C8D471CBE}.Release|Any CPU.Build.0 = Release|Any CPU
		{CA087613-D1DC-4D65-BEE5-EBE57EA6B268}.Debug|Any CPU.ActiveCfg = Debug|Any CPU
		{CA087613-D1DC-4D65-BEE5-EBE57EA6B268}.Debug|Any CPU.Build.0 = Debug|Any CPU
		{CA087613-D1DC-4D65-BEE5-EBE57EA6B268}.Release|Any CPU.ActiveCfg = Release|Any CPU
		{CA087613-D1DC-4D65-BEE5-EBE57EA6B268}.Release|Any CPU.Build.0 = Release|Any CPU
		{B6FE6FAF-3107-4522-BDF1-42F0161FAA8A}.Debug|Any CPU.ActiveCfg = Debug|Any CPU
		{B6FE6FAF-3107-4522-BDF1-42F0161FAA8A}.Debug|Any CPU.Build.0 = Debug|Any CPU
		{B6FE6FAF-3107-4522-BDF1-42F0161FAA8A}.Release|Any CPU.ActiveCfg = Release|Any CPU
		{B6FE6FAF-3107-4522-BDF1-42F0161FAA8A}.Release|Any CPU.Build.0 = Release|Any CPU
		{77FD9C2E-4263-40CE-84F9-4403E6265C7B}.Debug|Any CPU.ActiveCfg = Debug|Any CPU
		{77FD9C2E-4263-40CE-84F9-4403E6265C7B}.Debug|Any CPU.Build.0 = Debug|Any CPU
		{77FD9C2E-4263-40CE-84F9-4403E6265C7B}.Release|Any CPU.ActiveCfg = Release|Any CPU
		{77FD9C2E-4263-40CE-84F9-4403E6265C7B}.Release|Any CPU.Build.0 = Release|Any CPU
		{C13B11B5-A74A-4CA3-BFEE-95E8067399A9}.Debug|Any CPU.ActiveCfg = Debug|Any CPU
		{C13B11B5-A74A-4CA3-BFEE-95E8067399A9}.Debug|Any CPU.Build.0 = Debug|Any CPU
		{C13B11B5-A74A-4CA3-BFEE-95E8067399A9}.Release|Any CPU.ActiveCfg = Release|Any CPU
		{C13B11B5-A74A-4CA3-BFEE-95E8067399A9}.Release|Any CPU.Build.0 = Release|Any CPU
	EndGlobalSection
	GlobalSection(SolutionProperties) = preSolution
		HideSolutionNode = FALSE
	EndGlobalSection
	GlobalSection(ExtensibilityGlobals) = postSolution
		SolutionGuid = {3DC51E8A-7755-48B0-8D3A-2EDEB27649CC}
	EndGlobalSection
EndGlobal
