
Microsoft Visual Studio Solution File, Format Version 12.00
# Visual Studio Version 17
VisualStudioVersion = 17.3.32804.467
MinimumVisualStudioVersion = 10.0.40219.1
Project("{9A19103F-16F7-4668-BE54-9A1E7A4F7556}") = "ConvertToGrayscale", "ConvertToGrayscale\ConvertToGrayscale.csproj", "{2AEF8588-1768-4AB2-8CF7-BB38DACCFFCE}"
EndProject
Project("{FAE04EC0-301F-11D3-BF4B-00C04F79EFBC}") = "ImageBlur", "..\ImageBlur\ImageBlur.csproj", "{97F4B957-E9DA-4194-9E96-23AF364D9CB2}"
EndProject
Global
	GlobalSection(SolutionConfigurationPlatforms) = preSolution
		Debug|Any CPU = Debug|Any CPU
		Release|Any CPU = Release|Any CPU
	EndGlobalSection
	GlobalSection(ProjectConfigurationPlatforms) = postSolution
		{2AEF8588-1768-4AB2-8CF7-BB38DACCFFCE}.Debug|Any CPU.ActiveCfg = Debug|Any CPU
		{2AEF8588-1768-4AB2-8CF7-BB38DACCFFCE}.Debug|Any CPU.Build.0 = Debug|Any CPU
		{2AEF8588-1768-4AB2-8CF7-BB38DACCFFCE}.Release|Any CPU.ActiveCfg = Release|Any CPU
		{2AEF8588-1768-4AB2-8CF7-BB38DACCFFCE}.Release|Any CPU.Build.0 = Release|Any CPU
		{97F4B957-E9DA-4194-9E96-23AF364D9CB2}.Debug|Any CPU.ActiveCfg = Debug|Any CPU
		{97F4B957-E9DA-4194-9E96-23AF364D9CB2}.Debug|Any CPU.Build.0 = Debug|Any CPU
		{97F4B957-E9DA-4194-9E96-23AF364D9CB2}.Release|Any CPU.ActiveCfg = Release|Any CPU
		{97F4B957-E9DA-4194-9E96-23AF364D9CB2}.Release|Any CPU.Build.0 = Release|Any CPU
	EndGlobalSection
	GlobalSection(SolutionProperties) = preSolution
		HideSolutionNode = FALSE
	EndGlobalSection
	GlobalSection(ExtensibilityGlobals) = postSolution
		SolutionGuid = {0EE463C1-68B8-42EA-903C-E0F270818A60}
	EndGlobalSection
EndGlobal
