
Microsoft Visual Studio Solution File, Format Version 12.00
# Visual Studio Version 17
VisualStudioVersion = 17.3.32804.467
MinimumVisualStudioVersion = 10.0.40219.1
Project("{FAE04EC0-301F-11D3-BF4B-00C04F79EFBC}") = "PrimeNumbers", "PrimeNumbers\PrimeNumbers.csproj", "{3A8486FB-3D66-41D4-87FB-54BED41C0D15}"
EndProject
Project("{FAE04EC0-301F-11D3-BF4B-00C04F79EFBC}") = "MultiplicationTable", "MultiplicationTable\MultiplicationTable.csproj", "{18F9DC78-B801-4F24-93E8-95BA80DBAF5F}"
EndProject
Project("{FAE04EC0-301F-11D3-BF4B-00C04F79EFBC}") = "GuessNumber", "GuessNumber\GuessNumber.csproj", "{2738A32D-48B1-478E-91B3-DC51C93AD515}"
EndProject
Project("{FAE04EC0-301F-11D3-BF4B-00C04F79EFBC}") = "Break", "Break\Break.csproj", "{2F5B2F90-F378-4950-9A65-37767DDCDBD7}"
EndProject
Project("{FAE04EC0-301F-11D3-BF4B-00C04F79EFBC}") = "Euclid", "Euclid\Euclid.csproj", "{5299AA90-3BCD-42AC-91FF-74C951E25BE9}"
EndProject
Project("{FAE04EC0-301F-11D3-BF4B-00C04F79EFBC}") = "Deposit", "Deposit\Deposit.csproj", "{3B463A3B-EFBA-47B6-86D1-60C0F0D671CD}"
EndProject
Global
	GlobalSection(SolutionConfigurationPlatforms) = preSolution
		Debug|Any CPU = Debug|Any CPU
		Release|Any CPU = Release|Any CPU
	EndGlobalSection
	GlobalSection(ProjectConfigurationPlatforms) = postSolution
		{3A8486FB-3D66-41D4-87FB-54BED41C0D15}.Debug|Any CPU.ActiveCfg = Debug|Any CPU
		{3A8486FB-3D66-41D4-87FB-54BED41C0D15}.Debug|Any CPU.Build.0 = Debug|Any CPU
		{3A8486FB-3D66-41D4-87FB-54BED41C0D15}.Release|Any CPU.ActiveCfg = Release|Any CPU
		{3A8486FB-3D66-41D4-87FB-54BED41C0D15}.Release|Any CPU.Build.0 = Release|Any CPU
		{18F9DC78-B801-4F24-93E8-95BA80DBAF5F}.Debug|Any CPU.ActiveCfg = Debug|Any CPU
		{18F9DC78-B801-4F24-93E8-95BA80DBAF5F}.Debug|Any CPU.Build.0 = Debug|Any CPU
		{18F9DC78-B801-4F24-93E8-95BA80DBAF5F}.Release|Any CPU.ActiveCfg = Release|Any CPU
		{18F9DC78-B801-4F24-93E8-95BA80DBAF5F}.Release|Any CPU.Build.0 = Release|Any CPU
		{2738A32D-48B1-478E-91B3-DC51C93AD515}.Debug|Any CPU.ActiveCfg = Debug|Any CPU
		{2738A32D-48B1-478E-91B3-DC51C93AD515}.Debug|Any CPU.Build.0 = Debug|Any CPU
		{2738A32D-48B1-478E-91B3-DC51C93AD515}.Release|Any CPU.ActiveCfg = Release|Any CPU
		{2738A32D-48B1-478E-91B3-DC51C93AD515}.Release|Any CPU.Build.0 = Release|Any CPU
		{2F5B2F90-F378-4950-9A65-37767DDCDBD7}.Debug|Any CPU.ActiveCfg = Debug|Any CPU
		{2F5B2F90-F378-4950-9A65-37767DDCDBD7}.Debug|Any CPU.Build.0 = Debug|Any CPU
		{2F5B2F90-F378-4950-9A65-37767DDCDBD7}.Release|Any CPU.ActiveCfg = Release|Any CPU
		{2F5B2F90-F378-4950-9A65-37767DDCDBD7}.Release|Any CPU.Build.0 = Release|Any CPU
		{5299AA90-3BCD-42AC-91FF-74C951E25BE9}.Debug|Any CPU.ActiveCfg = Debug|Any CPU
		{5299AA90-3BCD-42AC-91FF-74C951E25BE9}.Debug|Any CPU.Build.0 = Debug|Any CPU
		{5299AA90-3BCD-42AC-91FF-74C951E25BE9}.Release|Any CPU.ActiveCfg = Release|Any CPU
		{5299AA90-3BCD-42AC-91FF-74C951E25BE9}.Release|Any CPU.Build.0 = Release|Any CPU
		{3B463A3B-EFBA-47B6-86D1-60C0F0D671CD}.Debug|Any CPU.ActiveCfg = Debug|Any CPU
		{3B463A3B-EFBA-47B6-86D1-60C0F0D671CD}.Debug|Any CPU.Build.0 = Debug|Any CPU
		{3B463A3B-EFBA-47B6-86D1-60C0F0D671CD}.Release|Any CPU.ActiveCfg = Release|Any CPU
		{3B463A3B-EFBA-47B6-86D1-60C0F0D671CD}.Release|Any CPU.Build.0 = Release|Any CPU
	EndGlobalSection
	GlobalSection(SolutionProperties) = preSolution
		HideSolutionNode = FALSE
	EndGlobalSection
	GlobalSection(ExtensibilityGlobals) = postSolution
		SolutionGuid = {E0E5046E-26B7-446C-A137-998DEB54ADFC}
	EndGlobalSection
EndGlobal
